
Microsoft Visual Studio Solution File, Format Version 12.00
# Visual Studio 15
VisualStudioVersion = 15.0.27004.2005
MinimumVisualStudioVersion = 10.0.40219.1
Project("{FAE04EC0-301F-11D3-BF4B-00C04F79EFBC}") = "Spbg.ManageGroupsHol", "Spbg.ManageGroupHol\Spbg.ManageGroupsHol.csproj", "{73CCC871-8BF3-4923-B912-C379842B7B1B}"
EndProject
Global
	GlobalSection(SolutionConfigurationPlatforms) = preSolution
		Debug|Any CPU = Debug|Any CPU
		Release|Any CPU = Release|Any CPU
	EndGlobalSection
	GlobalSection(ProjectConfigurationPlatforms) = postSolution
		{73CCC871-8BF3-4923-B912-C379842B7B1B}.Debug|Any CPU.ActiveCfg = Debug|Any CPU
		{73CCC871-8BF3-4923-B912-C379842B7B1B}.Debug|Any CPU.Build.0 = Debug|Any CPU
		{73CCC871-8BF3-4923-B912-C379842B7B1B}.Release|Any CPU.ActiveCfg = Release|Any CPU
		{73CCC871-8BF3-4923-B912-C379842B7B1B}.Release|Any CPU.Build.0 = Release|Any CPU
	EndGlobalSection
	GlobalSection(SolutionProperties) = preSolution
		HideSolutionNode = FALSE
	EndGlobalSection
	GlobalSection(ExtensibilityGlobals) = postSolution
		SolutionGuid = {A26DDD14-AFA4-4591-8164-CBDA11501EC5}
	EndGlobalSection
EndGlobal
