
Microsoft Visual Studio Solution File, Format Version 12.00
# Visual Studio 15
VisualStudioVersion = 15.0.27004.2005
MinimumVisualStudioVersion = 10.0.40219.1
Project("{FAE04EC0-301F-11D3-BF4B-00C04F79EFBC}") = "Spbg.ClientCredentialsGrantDemo", "Spbg.ClientCredentialsGrantDemo\Spbg.ClientCredentialsGrantDemo.csproj", "{15F57EFB-06C4-4D6C-9CD1-F0413952E53A}"
EndProject
Global
	GlobalSection(SolutionConfigurationPlatforms) = preSolution
		Debug|Any CPU = Debug|Any CPU
		Release|Any CPU = Release|Any CPU
	EndGlobalSection
	GlobalSection(ProjectConfigurationPlatforms) = postSolution
		{15F57EFB-06C4-4D6C-9CD1-F0413952E53A}.Debug|Any CPU.ActiveCfg = Debug|Any CPU
		{15F57EFB-06C4-4D6C-9CD1-F0413952E53A}.Debug|Any CPU.Build.0 = Debug|Any CPU
		{15F57EFB-06C4-4D6C-9CD1-F0413952E53A}.Release|Any CPU.ActiveCfg = Release|Any CPU
		{15F57EFB-06C4-4D6C-9CD1-F0413952E53A}.Release|Any CPU.Build.0 = Release|Any CPU
	EndGlobalSection
	GlobalSection(SolutionProperties) = preSolution
		HideSolutionNode = FALSE
	EndGlobalSection
	GlobalSection(ExtensibilityGlobals) = postSolution
		SolutionGuid = {2DCB534C-2402-422D-8FDE-22B3551A4C49}
	EndGlobalSection
EndGlobal
